
Microsoft Visual Studio Solution File, Format Version 12.00
# Visual Studio Express 2013 for Windows Desktop
VisualStudioVersion = 12.0.30723.0
MinimumVisualStudioVersion = 10.0.40219.1
Project("{FAE04EC0-301F-11D3-BF4B-00C04F79EFBC}") = "EVIL-GAME", "EVIL-GAME\EVIL-GAME.csproj", "{7BF05B1F-5145-4827-B9FC-446A5615A8E7}"
EndProject
Global
	GlobalSection(SolutionConfigurationPlatforms) = preSolution
		Debug|Any CPU = Debug|Any CPU
		Release|Any CPU = Release|Any CPU
	EndGlobalSection
	GlobalSection(ProjectConfigurationPlatforms) = postSolution
		{7BF05B1F-5145-4827-B9FC-446A5615A8E7}.Debug|Any CPU.ActiveCfg = Debug|Any CPU
		{7BF05B1F-5145-4827-B9FC-446A5615A8E7}.Debug|Any CPU.Build.0 = Debug|Any CPU
		{7BF05B1F-5145-4827-B9FC-446A5615A8E7}.Release|Any CPU.ActiveCfg = Release|Any CPU
		{7BF05B1F-5145-4827-B9FC-446A5615A8E7}.Release|Any CPU.Build.0 = Release|Any CPU
	EndGlobalSection
	GlobalSection(SolutionProperties) = preSolution
		HideSolutionNode = FALSE
	EndGlobalSection
EndGlobal
